
Microsoft Visual Studio Solution File, Format Version 12.00
# Visual Studio Version 17
VisualStudioVersion = 17.14.36127.28
MinimumVisualStudioVersion = 10.0.40219.1
Project("{FAE04EC0-301F-11D3-BF4B-00C04F79EFBC}") = "BigTech.Model", "BigTech.Model\BigTech.Model.csproj", "{1E041049-FDF4-4313-A782-410AD6BD0662}"
EndProject
Project("{FAE04EC0-301F-11D3-BF4B-00C04F79EFBC}") = "Test", "Test\Test.csproj", "{5F74FD8F-77A5-4763-9AFF-1817EAB5CDD7}"
EndProject
Global
	GlobalSection(SolutionConfigurationPlatforms) = preSolution
		Debug|Any CPU = Debug|Any CPU
		Release|Any CPU = Release|Any CPU
	EndGlobalSection
	GlobalSection(ProjectConfigurationPlatforms) = postSolution
		{1E041049-FDF4-4313-A782-410AD6BD0662}.Debug|Any CPU.ActiveCfg = Debug|Any CPU
		{1E041049-FDF4-4313-A782-410AD6BD0662}.Debug|Any CPU.Build.0 = Debug|Any CPU
		{1E041049-FDF4-4313-A782-410AD6BD0662}.Release|Any CPU.ActiveCfg = Release|Any CPU
		{1E041049-FDF4-4313-A782-410AD6BD0662}.Release|Any CPU.Build.0 = Release|Any CPU
		{5F74FD8F-77A5-4763-9AFF-1817EAB5CDD7}.Debug|Any CPU.ActiveCfg = Debug|Any CPU
		{5F74FD8F-77A5-4763-9AFF-1817EAB5CDD7}.Debug|Any CPU.Build.0 = Debug|Any CPU
		{5F74FD8F-77A5-4763-9AFF-1817EAB5CDD7}.Release|Any CPU.ActiveCfg = Release|Any CPU
		{5F74FD8F-77A5-4763-9AFF-1817EAB5CDD7}.Release|Any CPU.Build.0 = Release|Any CPU
	EndGlobalSection
	GlobalSection(SolutionProperties) = preSolution
		HideSolutionNode = FALSE
	EndGlobalSection
	GlobalSection(ExtensibilityGlobals) = postSolution
		SolutionGuid = {AA56D633-ADEC-479B-A511-97B3FCB3E630}
	EndGlobalSection
EndGlobal
